PODS:
  - Amplify (1.1.1):
    - Amplify/Default (= 1.1.1)
  - Amplify/Default (1.1.1)
  - amplify_analytics_pinpoint (0.0.1):
    - Amplify
    - AmplifyPlugins/AWSPinpointAnalyticsPlugin
    - Flutter
  - amplify_auth_cognito (0.0.1):
    - Amplify
    - AmplifyPlugins/AWSCognitoAuthPlugin
    - Flutter
    - ObjectMapper
  - amplify_core (0.0.1):
    - Amplify
    - AmplifyPlugins/AWSCognitoAuthPlugin
    - AWSPluginsCore (= 1.1.1)
    - Flutter
  - amplify_storage_s3 (0.0.1):
    - Amplify
    - AmplifyPlugins/AWSS3StoragePlugin
    - Flutter
  - AmplifyPlugins/AWSCognitoAuthPlugin (1.1.1):
    - AWSAuthCore (~> 2.15.0)
    - AWSCore (~> 2.15.0)
    - AWSMobileClient (~> 2.15.0)
    - AWSPluginsCore (= 1.1.1)
  - AmplifyPlugins/AWSPinpointAnalyticsPlugin (1.1.1):
    - AWSAuthCore (~> 2.15.0)
    - AWSCore (~> 2.15.0)
    - AWSPinpoint (~> 2.15.0)
    - AWSPluginsCore (= 1.1.1)
  - AmplifyPlugins/AWSS3StoragePlugin (1.1.1):
    - AWSAuthCore (~> 2.15.0)
    - AWSCore (~> 2.15.0)
    - AWSPluginsCore (= 1.1.1)
    - AWSS3 (~> 2.15.0)
  - AWSAuthCore (2.15.3):
    - AWSCore (= 2.15.3)
  - AWSCognitoIdentityProvider (2.15.3):
    - AWSCognitoIdentityProviderASF (= 1.0.2)
    - AWSCore (= 2.15.3)
  - AWSCognitoIdentityProviderASF (1.0.2)
  - AWSCore (2.15.3)
  - AWSMobileClient (2.15.3):
    - AWSAuthCore (= 2.15.3)
    - AWSCognitoIdentityProvider (= 2.15.3)
  - AWSPinpoint (2.15.3):
    - AWSCore (= 2.15.3)
  - AWSPluginsCore (1.1.1):
    - Amplify (= 1.1.1)
    - AWSCore (~> 2.15.0)
    - AWSMobileClient (~> 2.15.0)
  - AWSS3 (2.15.3):
    - AWSCore (= 2.15.3)
  - DKImagePickerController/Core (4.3.2):
    - DKImagePickerController/ImageDataManager
    - DKImagePickerController/Resource
  - DKImagePickerController/ImageDataManager (4.3.2)
  - DKImagePickerController/PhotoGallery (4.3.2):
    - DKImagePickerController/Core
    - DKPhotoGallery
  - DKImagePickerController/Resource (4.3.2)
  - DKPhotoGallery (0.0.17):
    - DKPhotoGallery/Core (= 0.0.17)
    - DKPhotoGallery/Model (= 0.0.17)
    - DKPhotoGallery/Preview (= 0.0.17)
    - DKPhotoGallery/Resource (= 0.0.17)
    - SDWebImage
    - SwiftyGif
  - DKPhotoGallery/Core (0.0.17):
    - DKPhotoGallery/Model
    - DKPhotoGallery/Preview
    - SDWebImage
    - SwiftyGif
  - DKPhotoGallery/Model (0.0.17):
    - SDWebImage
    - SwiftyGif
  - DKPhotoGallery/Preview (0.0.17):
    - DKPhotoGallery/Model
    - DKPhotoGallery/Resource
    - SDWebImage
    - SwiftyGif
  - DKPhotoGallery/Resource (0.0.17):
    - SDWebImage
    - SwiftyGif
  - file_picker (0.0.1):
    - DKImagePickerController/PhotoGallery
    - Flutter
  - Flutter (1.0.0)
  - FMDB (2.7.5):
    - FMDB/standard (= 2.7.5)
  - FMDB/standard (2.7.5)
  - ObjectMapper (4.2.0)
  - path_provider (0.0.1):
    - Flutter
  - SDWebImage (5.9.4):
    - SDWebImage/Core (= 5.9.4)
  - SDWebImage/Core (5.9.4)
  - sqflite (0.0.2):
    - Flutter
    - FMDB (>= 2.7.5)
  - SwiftyGif (5.3.0)

DEPENDENCIES:
  - amplify_analytics_pinpoint (from `.symlinks/plugins/amplify_analytics_pinpoint/ios`)
  - amplify_auth_cognito (from `.symlinks/plugins/amplify_auth_cognito/ios`)
  - amplify_core (from `.symlinks/plugins/amplify_core/ios`)
  - amplify_storage_s3 (from `.symlinks/plugins/amplify_storage_s3/ios`)
  - file_picker (from `.symlinks/plugins/file_picker/ios`)
  - Flutter (from `Flutter`)
  - path_provider (from `.symlinks/plugins/path_provider/ios`)
  - sqflite (from `.symlinks/plugins/sqflite/ios`)

SPEC REPOS:
  trunk:
    - Amplify
    - AmplifyPlugins
    - AWSAuthCore
    - AWSCognitoIdentityProvider
    - AWSCognitoIdentityProviderASF
    - AWSCore
    - AWSMobileClient
    - AWSPinpoint
    - AWSPluginsCore
    - AWSS3
    - DKImagePickerController
    - DKPhotoGallery
    - FMDB
    - ObjectMapper
    - SDWebImage
    - SwiftyGif

EXTERNAL SOURCES:
  amplify_analytics_pinpoint:
    :path: ".symlinks/plugins/amplify_analytics_pinpoint/ios"
  amplify_auth_cognito:
    :path: ".symlinks/plugins/amplify_auth_cognito/ios"
  amplify_core:
    :path: ".symlinks/plugins/amplify_core/ios"
  amplify_storage_s3:
    :path: ".symlinks/plugins/amplify_storage_s3/ios"
  file_picker:
    :path: ".symlinks/plugins/file_picker/ios"
  Flutter:
    :path: Flutter
  path_provider:
    :path: ".symlinks/plugins/path_provider/ios"
  sqflite:
    :path: ".symlinks/plugins/sqflite/ios"

SPEC CHECKSUMS:
  Amplify: e23b610dde2539d67ec29843c7f01010b44b98ba
  amplify_analytics_pinpoint: ed8e72e7c27d1ccd525eeba1b76c8b9487cb8ac7
  amplify_auth_cognito: 21e6e4acd861653d73875ee7d8ddce1a404e23cf
  amplify_core: c13855678f4701fa81096949a56be6a1d489d982
  amplify_storage_s3: bf5954f417944919e702998a0ce95e742015063a
  AmplifyPlugins: 9e1e1bff2a8b1676307101ca7d768a7be49c0456
  AWSAuthCore: 598e8eb56e12799877414d10b04598de12a15992
  AWSCognitoIdentityProvider: 4a721292eda37a8c3ef451e8fec28abe14aff18e
  AWSCognitoIdentityProviderASF: 0fb6ea671c05a63276e320726f680cd880522442
  AWSCore: 5a8f9d7461dbe5ea6a5473c41cf113b687e19136
  AWSMobileClient: 5c29678413764ee3bcd528421331deb0a35b72fb
  AWSPinpoint: 6c17e240a104de90643e0afee5741a7528011800
  AWSPluginsCore: 4e98e284fff7763470ef94f7538449f20d891f70
  AWSS3: 04a7e689791b382d2d1e29cda6852048e0555635
  DKImagePickerController: b5eb7f7a388e4643264105d648d01f727110fc3d
  DKPhotoGallery: fdfad5125a9fdda9cc57df834d49df790dbb4179
  file_picker: 3e6c3790de664ccf9b882732d9db5eaf6b8d4eb1
  Flutter: 0e3d915762c693b495b44d77113d4970485de6ec
  FMDB: 2ce00b547f966261cd18927a3ddb07cb6f3db82a
  ObjectMapper: 1eb41f610210777375fa806bf161dc39fb832b81
  path_provider: abfe2b5c733d04e238b0d8691db0cfd63a27a93c
  SDWebImage: b69257f4ab14e9b6a2ef53e910fdf914d8f757c1
  sqflite: 6d358c025f5b867b29ed92fc697fd34924e11904
  SwiftyGif: e466e86c660d343357ab944a819a101c4127cb40

PODFILE CHECKSUM: 7368163408c647b7eb699d0d788ba6718e18fb8d

COCOAPODS: 1.9.3
